
Microsoft Visual Studio Solution File, Format Version 12.00
# Visual Studio Version 17
VisualStudioVersion = 17.13.35931.197 d17.13
MinimumVisualStudioVersion = 10.0.40219.1
Project("{FAE04EC0-301F-11D3-BF4B-00C04F79EFBC}") = "CalculatorApp", "CalculatorApp\CalculatorApp.csproj", "{ACCCF8D3-E65A-463C-91B2-3ADEEE778DC4}"
EndProject
Global
	GlobalSection(SolutionConfigurationPlatforms) = preSolution
		Debug|Any CPU = Debug|Any CPU
		Release|Any CPU = Release|Any CPU
	EndGlobalSection
	GlobalSection(ProjectConfigurationPlatforms) = postSolution
		{ACCCF8D3-E65A-463C-91B2-3ADEEE778DC4}.Debug|Any CPU.ActiveCfg = Debug|Any CPU
		{ACCCF8D3-E65A-463C-91B2-3ADEEE778DC4}.Debug|Any CPU.Build.0 = Debug|Any CPU
		{ACCCF8D3-E65A-463C-91B2-3ADEEE778DC4}.Release|Any CPU.ActiveCfg = Release|Any CPU
		{ACCCF8D3-E65A-463C-91B2-3ADEEE778DC4}.Release|Any CPU.Build.0 = Release|Any CPU
	EndGlobalSection
	GlobalSection(SolutionProperties) = preSolution
		HideSolutionNode = FALSE
	EndGlobalSection
	GlobalSection(ExtensibilityGlobals) = postSolution
		SolutionGuid = {479B9276-399C-45F8-B650-31B7337CED4B}
	EndGlobalSection
EndGlobal
